
Microsoft Visual Studio Solution File, Format Version 12.00
# Visual Studio Version 17
VisualStudioVersion = 17.8.34511.84
MinimumVisualStudioVersion = 10.0.40219.1
Project("{FAE04EC0-301F-11D3-BF4B-00C04F79EFBC}") = "Lab 1", "Lab 1\Lab 1.csproj", "{D969AF33-00A6-48F9-9A55-CBD81B77606A}"
EndProject
Global
	GlobalSection(SolutionConfigurationPlatforms) = preSolution
		Debug|Any CPU = Debug|Any CPU
		Release|Any CPU = Release|Any CPU
	EndGlobalSection
	GlobalSection(ProjectConfigurationPlatforms) = postSolution
		{D969AF33-00A6-48F9-9A55-CBD81B77606A}.Debug|Any CPU.ActiveCfg = Debug|Any CPU
		{D969AF33-00A6-48F9-9A55-CBD81B77606A}.Debug|Any CPU.Build.0 = Debug|Any CPU
		{D969AF33-00A6-48F9-9A55-CBD81B77606A}.Release|Any CPU.ActiveCfg = Release|Any CPU
		{D969AF33-00A6-48F9-9A55-CBD81B77606A}.Release|Any CPU.Build.0 = Release|Any CPU
	EndGlobalSection
	GlobalSection(SolutionProperties) = preSolution
		HideSolutionNode = FALSE
	EndGlobalSection
	GlobalSection(ExtensibilityGlobals) = postSolution
		SolutionGuid = {A4486BF0-D891-458A-889B-83874C364769}
	EndGlobalSection
EndGlobal
